
Microsoft Visual Studio Solution File, Format Version 12.00
# Visual Studio Version 17
VisualStudioVersion = 17.0.31912.275
MinimumVisualStudioVersion = 10.0.40219.1
Project("{2150E333-8FDC-42A3-9474-1A3956D46DE8}") = "Layer 0 - Domain", "Layer 0 - Domain", "{990FBDBB-287D-44E9-9168-4F52F9954155}"
EndProject
Project("{2150E333-8FDC-42A3-9474-1A3956D46DE8}") = "Layer 1 - Application", "Layer 1 - Application", "{B550742B-840B-4FEE-832D-8DEFBBA8D6E8}"
EndProject
Project("{2150E333-8FDC-42A3-9474-1A3956D46DE8}") = "Layer 2 - Adapters", "Layer 2 - Adapters", "{F42CA955-E8C2-4B71-BCA4-30266455A1EC}"
EndProject
Project("{2150E333-8FDC-42A3-9474-1A3956D46DE8}") = "Layer 3 - Cross-Cutting Concerns", "Layer 3 - Cross-Cutting Concerns", "{C0D746B1-6924-4E81-AFA4-3593E6D2157F}"
EndProject
Project("{9A19103F-16F7-4668-BE54-9A1E7A4F7556}") = "Domain.Common", "Domain.Common\Domain.Common.csproj", "{45BAF6DA-8FF6-482B-AB75-646736C5A290}"
EndProject
Project("{9A19103F-16F7-4668-BE54-9A1E7A4F7556}") = "Domain.ValueObjects", "Domain.ValueObjects\Domain.ValueObjects.csproj", "{8138D984-A3F2-4BC2-8087-EB3CCA118FF3}"
EndProject
Project("{9A19103F-16F7-4668-BE54-9A1E7A4F7556}") = "Domain.Services", "Domain.Services\Domain.Services.csproj", "{DDA8757D-31FE-4BF3-8EC2-0CEE53287AF4}"
EndProject
Project("{9A19103F-16F7-4668-BE54-9A1E7A4F7556}") = "Domain.Factories", "Domain.Factories\Domain.Factories.csproj", "{159BB93D-C913-4AB9-BE85-8F68B620C416}"
EndProject
Project("{9A19103F-16F7-4668-BE54-9A1E7A4F7556}") = "Application.Queries", "Application.Queries\Application.Queries.csproj", "{C4726847-5D42-4846-B8D3-316C9F745D57}"
EndProject
Project("{9A19103F-16F7-4668-BE54-9A1E7A4F7556}") = "Application.ViewModels", "Application.ViewModels\Application.ViewModels.csproj", "{AAA03E9E-7AB0-42F7-8D7B-F0CF5F6C045C}"
EndProject
Project("{9A19103F-16F7-4668-BE54-9A1E7A4F7556}") = "Application.Commands", "Application.Commands\Application.Commands.csproj", "{60518E79-4B72-455C-A2F4-055EE26E9CB6}"
EndProject
Project("{9A19103F-16F7-4668-BE54-9A1E7A4F7556}") = "Application.Common", "Application.Common\Application.Common.csproj", "{2D93CB1E-3AD2-4CB9-B447-0F22CE154295}"
EndProject
Project("{9A19103F-16F7-4668-BE54-9A1E7A4F7556}") = "Application.Dtos", "Application.Dtos\Application.Dtos.csproj", "{6D92B677-6EC7-4D84-808A-5AB32184644C}"
EndProject
Project("{9A19103F-16F7-4668-BE54-9A1E7A4F7556}") = "Application.Mapping", "Application.Mapping\Application.Mapping.csproj", "{F95D8083-06C7-43B2-93E8-2AFE8F583684}"
EndProject
Project("{2150E333-8FDC-42A3-9474-1A3956D46DE8}") = "Presentation", "Presentation", "{8217AF0B-A413-47BC-ADE6-D976357D394A}"
EndProject
Project("{9A19103F-16F7-4668-BE54-9A1E7A4F7556}") = "Controllers.Rest", "Controllers.Rest\Controllers.Rest.csproj", "{A3DBD0A0-44B8-4A23-B133-264334D4BCFC}"
EndProject
Project("{9A19103F-16F7-4668-BE54-9A1E7A4F7556}") = "Controllers.Events", "Controllers.Events\Controllers.Events.csproj", "{9C81908B-4781-424F-888E-70AE3ED517B5}"
EndProject
Project("{2150E333-8FDC-42A3-9474-1A3956D46DE8}") = "Infrastructure", "Infrastructure", "{DD04F1B9-DF82-464D-AC39-826BC49B974B}"
EndProject
Project("{9A19103F-16F7-4668-BE54-9A1E7A4F7556}") = "Infrastructure.TcpClients", "Infrastructure.TcpClients\Infrastructure.TcpClients.csproj", "{2ACD6D1A-24BF-4E72-AD14-BF81EA32A768}"
EndProject
Project("{9A19103F-16F7-4668-BE54-9A1E7A4F7556}") = "Infrastructure.WriteRepositories", "Infrastructure.WriteRepositories\Infrastructure.WriteRepositories.csproj", "{32C9CF9F-0C13-464E-9AE6-273ACAD7CA3C}"
EndProject
Project("{9A19103F-16F7-4668-BE54-9A1E7A4F7556}") = "Infrastructure.ApiClients", "Infrastructure.ApiClients\Infrastructure.ApiClients.csproj", "{855E37F6-082E-4B5E-8350-F37C49EF704D}"
EndProject
Project("{9A19103F-16F7-4668-BE54-9A1E7A4F7556}") = "Infrastructure.ReadRepositories", "Infrastructure.ReadRepositories\Infrastructure.ReadRepositories.csproj", "{3A3042C1-0E17-4B13-AF99-A3F466CA72D5}"
EndProject
Project("{9A19103F-16F7-4668-BE54-9A1E7A4F7556}") = "Application.EventHandlers", "Application.EventHandlers\Application.EventHandlers.csproj", "{AAED5A5D-76A7-4298-AC46-F0E411CE2BB6}"
EndProject
Project("{2150E333-8FDC-42A3-9474-1A3956D46DE8}") = "Commands", "Commands", "{FB5DC015-4735-44C5-8ED7-EBE83132E578}"
EndProject
Project("{2150E333-8FDC-42A3-9474-1A3956D46DE8}") = "Queries", "Queries", "{D3CEFA20-726E-4B6B-A407-1D9A8B0B8BF1}"
EndProject
Project("{2150E333-8FDC-42A3-9474-1A3956D46DE8}") = "Common", "Common", "{9F659CDD-8D62-49B3-AFC4-C7B0998C315B}"
EndProject
Project("{9A19103F-16F7-4668-BE54-9A1E7A4F7556}") = "Infrastructure.FileHandlers", "Infrastructure.FileHandlers\Infrastructure.FileHandlers.csproj", "{3450497C-3CF1-481B-9D64-796CC1A79014}"
EndProject
Project("{2150E333-8FDC-42A3-9474-1A3956D46DE8}") = "Tests", "Tests", "{0E3D247D-1F90-4834-B818-6F42C1860B09}"
EndProject
Project("{2150E333-8FDC-42A3-9474-1A3956D46DE8}") = "Unit", "Unit", "{0581B46B-2FA3-4D47-B40C-6DC103CBD851}"
EndProject
Project("{9A19103F-16F7-4668-BE54-9A1E7A4F7556}") = "Domain.Aggregates.Ride", "Domain.Aggregates.Ride\Domain.Aggregates.Ride.csproj", "{2B8B7E48-8C0F-4494-BBE6-DF24D0B17557}"
EndProject
Project("{9A19103F-16F7-4668-BE54-9A1E7A4F7556}") = "Domain.Aggregates.Trip", "Domain.Aggregates.Trip\Domain.Aggregates.Trip.csproj", "{DCE8C134-2F7C-4CF2-8671-51C241D082E4}"
EndProject
Project("{9A19103F-16F7-4668-BE54-9A1E7A4F7556}") = "Domain.Aggregates.Stop", "Domain.Aggregates.Stop\Domain.Aggregates.Stop.csproj", "{CEB17E0E-EA68-4053-ACAC-E151DE2C1580}"
EndProject
Project("{9A19103F-16F7-4668-BE54-9A1E7A4F7556}") = "Domain.Aggregates.Bus", "Domain.Aggregates.Bus\Domain.Aggregates.Bus.csproj", "{75F71720-F66B-46F6-843E-57E86715C5F6}"
EndProject
Project("{2150E333-8FDC-42A3-9474-1A3956D46DE8}") = "Deployment", "Deployment", "{FD3BFF9F-1B61-4414-9699-66319F5E0DD2}"
	ProjectSection(SolutionItems) = preProject
		compose.yml = compose.yml
	EndProjectSection
EndProject
Project("{9A19103F-16F7-4668-BE54-9A1E7A4F7556}") = "Controllers.Jobs", "Controllers.Jobs\Controllers.Jobs.csproj", "{A1A79557-53AA-4286-B390-D52AC14C7245}"
EndProject
Project("{9A19103F-16F7-4668-BE54-9A1E7A4F7556}") = "Not_A_Test_But_Utility_See_Doc", "UtilityForCompressionStopTimes\Not_A_Test_But_Utility_See_Doc.csproj", "{7715805B-84C8-45CD-B394-01B5D388D6BC}"
EndProject
Project("{9A19103F-16F7-4668-BE54-9A1E7A4F7556}") = "Infrastructure.Events", "Infrastructure.Events\Infrastructure.Events.csproj", "{4F78DD6E-A710-4344-BE24-ACEAD581FE8D}"
EndProject
Project("{9A19103F-16F7-4668-BE54-9A1E7A4F7556}") = "Configuration", "Configuration\Configuration.csproj", "{67119404-AA7B-4672-B5B1-723DA9F7B6AA}"
EndProject
Project("{9A19103F-16F7-4668-BE54-9A1E7A4F7556}") = "Tests.Integration", "Test.Integration\Tests.Integration.csproj", "{F9149257-16D5-4441-8131-5525705A60C5}"
EndProject
Project("{9A19103F-16F7-4668-BE54-9A1E7A4F7556}") = "Tests.Unit.Application", "Tests.Unit.Application\Tests.Unit.Application.csproj", "{6161FFD7-4A6A-4B51-8C0D-DD258E69F0A9}"
EndProject
Project("{9A19103F-16F7-4668-BE54-9A1E7A4F7556}") = "Application.QueryServices", "Application.QueryServices\Application.QueryServices.csproj", "{421AA96D-72C1-4561-A5B2-D8CF6FCE030F}"
EndProject
Project("{9A19103F-16F7-4668-BE54-9A1E7A4F7556}") = "Application.CommandServices", "Application.CommandServices\Application.CommandServices.csproj", "{110377EC-E497-49D3-BE88-344A83A86861}"
EndProject
Global
	GlobalSection(SolutionConfigurationPlatforms) = preSolution
		Debug|Any CPU = Debug|Any CPU
		Release|Any CPU = Release|Any CPU
	EndGlobalSection
	GlobalSection(ProjectConfigurationPlatforms) = postSolution
		{45BAF6DA-8FF6-482B-AB75-646736C5A290}.Debug|Any CPU.ActiveCfg = Debug|Any CPU
		{45BAF6DA-8FF6-482B-AB75-646736C5A290}.Debug|Any CPU.Build.0 = Debug|Any CPU
		{45BAF6DA-8FF6-482B-AB75-646736C5A290}.Release|Any CPU.ActiveCfg = Release|Any CPU
		{45BAF6DA-8FF6-482B-AB75-646736C5A290}.Release|Any CPU.Build.0 = Release|Any CPU
		{8138D984-A3F2-4BC2-8087-EB3CCA118FF3}.Debug|Any CPU.ActiveCfg = Debug|Any CPU
		{8138D984-A3F2-4BC2-8087-EB3CCA118FF3}.Debug|Any CPU.Build.0 = Debug|Any CPU
		{8138D984-A3F2-4BC2-8087-EB3CCA118FF3}.Release|Any CPU.ActiveCfg = Release|Any CPU
		{8138D984-A3F2-4BC2-8087-EB3CCA118FF3}.Release|Any CPU.Build.0 = Release|Any CPU
		{DDA8757D-31FE-4BF3-8EC2-0CEE53287AF4}.Debug|Any CPU.ActiveCfg = Debug|Any CPU
		{DDA8757D-31FE-4BF3-8EC2-0CEE53287AF4}.Debug|Any CPU.Build.0 = Debug|Any CPU
		{DDA8757D-31FE-4BF3-8EC2-0CEE53287AF4}.Release|Any CPU.ActiveCfg = Release|Any CPU
		{DDA8757D-31FE-4BF3-8EC2-0CEE53287AF4}.Release|Any CPU.Build.0 = Release|Any CPU
		{159BB93D-C913-4AB9-BE85-8F68B620C416}.Debug|Any CPU.ActiveCfg = Debug|Any CPU
		{159BB93D-C913-4AB9-BE85-8F68B620C416}.Debug|Any CPU.Build.0 = Debug|Any CPU
		{159BB93D-C913-4AB9-BE85-8F68B620C416}.Release|Any CPU.ActiveCfg = Release|Any CPU
		{159BB93D-C913-4AB9-BE85-8F68B620C416}.Release|Any CPU.Build.0 = Release|Any CPU
		{C4726847-5D42-4846-B8D3-316C9F745D57}.Debug|Any CPU.ActiveCfg = Debug|Any CPU
		{C4726847-5D42-4846-B8D3-316C9F745D57}.Debug|Any CPU.Build.0 = Debug|Any CPU
		{C4726847-5D42-4846-B8D3-316C9F745D57}.Release|Any CPU.ActiveCfg = Release|Any CPU
		{C4726847-5D42-4846-B8D3-316C9F745D57}.Release|Any CPU.Build.0 = Release|Any CPU
		{AAA03E9E-7AB0-42F7-8D7B-F0CF5F6C045C}.Debug|Any CPU.ActiveCfg = Debug|Any CPU
		{AAA03E9E-7AB0-42F7-8D7B-F0CF5F6C045C}.Debug|Any CPU.Build.0 = Debug|Any CPU
		{AAA03E9E-7AB0-42F7-8D7B-F0CF5F6C045C}.Release|Any CPU.ActiveCfg = Release|Any CPU
		{AAA03E9E-7AB0-42F7-8D7B-F0CF5F6C045C}.Release|Any CPU.Build.0 = Release|Any CPU
		{60518E79-4B72-455C-A2F4-055EE26E9CB6}.Debug|Any CPU.ActiveCfg = Debug|Any CPU
		{60518E79-4B72-455C-A2F4-055EE26E9CB6}.Debug|Any CPU.Build.0 = Debug|Any CPU
		{60518E79-4B72-455C-A2F4-055EE26E9CB6}.Release|Any CPU.ActiveCfg = Release|Any CPU
		{60518E79-4B72-455C-A2F4-055EE26E9CB6}.Release|Any CPU.Build.0 = Release|Any CPU
		{2D93CB1E-3AD2-4CB9-B447-0F22CE154295}.Debug|Any CPU.ActiveCfg = Debug|Any CPU
		{2D93CB1E-3AD2-4CB9-B447-0F22CE154295}.Debug|Any CPU.Build.0 = Debug|Any CPU
		{2D93CB1E-3AD2-4CB9-B447-0F22CE154295}.Release|Any CPU.ActiveCfg = Release|Any CPU
		{2D93CB1E-3AD2-4CB9-B447-0F22CE154295}.Release|Any CPU.Build.0 = Release|Any CPU
		{6D92B677-6EC7-4D84-808A-5AB32184644C}.Debug|Any CPU.ActiveCfg = Debug|Any CPU
		{6D92B677-6EC7-4D84-808A-5AB32184644C}.Debug|Any CPU.Build.0 = Debug|Any CPU
		{6D92B677-6EC7-4D84-808A-5AB32184644C}.Release|Any CPU.ActiveCfg = Release|Any CPU
		{6D92B677-6EC7-4D84-808A-5AB32184644C}.Release|Any CPU.Build.0 = Release|Any CPU
		{F95D8083-06C7-43B2-93E8-2AFE8F583684}.Debug|Any CPU.ActiveCfg = Debug|Any CPU
		{F95D8083-06C7-43B2-93E8-2AFE8F583684}.Debug|Any CPU.Build.0 = Debug|Any CPU
		{F95D8083-06C7-43B2-93E8-2AFE8F583684}.Release|Any CPU.ActiveCfg = Release|Any CPU
		{F95D8083-06C7-43B2-93E8-2AFE8F583684}.Release|Any CPU.Build.0 = Release|Any CPU
		{A3DBD0A0-44B8-4A23-B133-264334D4BCFC}.Debug|Any CPU.ActiveCfg = Debug|Any CPU
		{A3DBD0A0-44B8-4A23-B133-264334D4BCFC}.Debug|Any CPU.Build.0 = Debug|Any CPU
		{A3DBD0A0-44B8-4A23-B133-264334D4BCFC}.Release|Any CPU.ActiveCfg = Release|Any CPU
		{A3DBD0A0-44B8-4A23-B133-264334D4BCFC}.Release|Any CPU.Build.0 = Release|Any CPU
		{9C81908B-4781-424F-888E-70AE3ED517B5}.Debug|Any CPU.ActiveCfg = Debug|Any CPU
		{9C81908B-4781-424F-888E-70AE3ED517B5}.Debug|Any CPU.Build.0 = Debug|Any CPU
		{9C81908B-4781-424F-888E-70AE3ED517B5}.Release|Any CPU.ActiveCfg = Release|Any CPU
		{9C81908B-4781-424F-888E-70AE3ED517B5}.Release|Any CPU.Build.0 = Release|Any CPU
		{2ACD6D1A-24BF-4E72-AD14-BF81EA32A768}.Debug|Any CPU.ActiveCfg = Debug|Any CPU
		{2ACD6D1A-24BF-4E72-AD14-BF81EA32A768}.Debug|Any CPU.Build.0 = Debug|Any CPU
		{2ACD6D1A-24BF-4E72-AD14-BF81EA32A768}.Release|Any CPU.ActiveCfg = Release|Any CPU
		{2ACD6D1A-24BF-4E72-AD14-BF81EA32A768}.Release|Any CPU.Build.0 = Release|Any CPU
		{32C9CF9F-0C13-464E-9AE6-273ACAD7CA3C}.Debug|Any CPU.ActiveCfg = Debug|Any CPU
		{32C9CF9F-0C13-464E-9AE6-273ACAD7CA3C}.Debug|Any CPU.Build.0 = Debug|Any CPU
		{32C9CF9F-0C13-464E-9AE6-273ACAD7CA3C}.Release|Any CPU.ActiveCfg = Release|Any CPU
		{32C9CF9F-0C13-464E-9AE6-273ACAD7CA3C}.Release|Any CPU.Build.0 = Release|Any CPU
		{855E37F6-082E-4B5E-8350-F37C49EF704D}.Debug|Any CPU.ActiveCfg = Debug|Any CPU
		{855E37F6-082E-4B5E-8350-F37C49EF704D}.Debug|Any CPU.Build.0 = Debug|Any CPU
		{855E37F6-082E-4B5E-8350-F37C49EF704D}.Release|Any CPU.ActiveCfg = Release|Any CPU
		{855E37F6-082E-4B5E-8350-F37C49EF704D}.Release|Any CPU.Build.0 = Release|Any CPU
		{3A3042C1-0E17-4B13-AF99-A3F466CA72D5}.Debug|Any CPU.ActiveCfg = Debug|Any CPU
		{3A3042C1-0E17-4B13-AF99-A3F466CA72D5}.Debug|Any CPU.Build.0 = Debug|Any CPU
		{3A3042C1-0E17-4B13-AF99-A3F466CA72D5}.Release|Any CPU.ActiveCfg = Release|Any CPU
		{3A3042C1-0E17-4B13-AF99-A3F466CA72D5}.Release|Any CPU.Build.0 = Release|Any CPU
		{AAED5A5D-76A7-4298-AC46-F0E411CE2BB6}.Debug|Any CPU.ActiveCfg = Debug|Any CPU
		{AAED5A5D-76A7-4298-AC46-F0E411CE2BB6}.Debug|Any CPU.Build.0 = Debug|Any CPU
		{AAED5A5D-76A7-4298-AC46-F0E411CE2BB6}.Release|Any CPU.ActiveCfg = Release|Any CPU
		{AAED5A5D-76A7-4298-AC46-F0E411CE2BB6}.Release|Any CPU.Build.0 = Release|Any CPU
		{3450497C-3CF1-481B-9D64-796CC1A79014}.Debug|Any CPU.ActiveCfg = Debug|Any CPU
		{3450497C-3CF1-481B-9D64-796CC1A79014}.Debug|Any CPU.Build.0 = Debug|Any CPU
		{3450497C-3CF1-481B-9D64-796CC1A79014}.Release|Any CPU.ActiveCfg = Release|Any CPU
		{3450497C-3CF1-481B-9D64-796CC1A79014}.Release|Any CPU.Build.0 = Release|Any CPU
		{2B8B7E48-8C0F-4494-BBE6-DF24D0B17557}.Debug|Any CPU.ActiveCfg = Debug|Any CPU
		{2B8B7E48-8C0F-4494-BBE6-DF24D0B17557}.Debug|Any CPU.Build.0 = Debug|Any CPU
		{2B8B7E48-8C0F-4494-BBE6-DF24D0B17557}.Release|Any CPU.ActiveCfg = Release|Any CPU
		{2B8B7E48-8C0F-4494-BBE6-DF24D0B17557}.Release|Any CPU.Build.0 = Release|Any CPU
		{DCE8C134-2F7C-4CF2-8671-51C241D082E4}.Debug|Any CPU.ActiveCfg = Debug|Any CPU
		{DCE8C134-2F7C-4CF2-8671-51C241D082E4}.Debug|Any CPU.Build.0 = Debug|Any CPU
		{DCE8C134-2F7C-4CF2-8671-51C241D082E4}.Release|Any CPU.ActiveCfg = Release|Any CPU
		{DCE8C134-2F7C-4CF2-8671-51C241D082E4}.Release|Any CPU.Build.0 = Release|Any CPU
		{CEB17E0E-EA68-4053-ACAC-E151DE2C1580}.Debug|Any CPU.ActiveCfg = Debug|Any CPU
		{CEB17E0E-EA68-4053-ACAC-E151DE2C1580}.Debug|Any CPU.Build.0 = Debug|Any CPU
		{CEB17E0E-EA68-4053-ACAC-E151DE2C1580}.Release|Any CPU.ActiveCfg = Release|Any CPU
		{CEB17E0E-EA68-4053-ACAC-E151DE2C1580}.Release|Any CPU.Build.0 = Release|Any CPU
		{75F71720-F66B-46F6-843E-57E86715C5F6}.Debug|Any CPU.ActiveCfg = Debug|Any CPU
		{75F71720-F66B-46F6-843E-57E86715C5F6}.Debug|Any CPU.Build.0 = Debug|Any CPU
		{75F71720-F66B-46F6-843E-57E86715C5F6}.Release|Any CPU.ActiveCfg = Release|Any CPU
		{75F71720-F66B-46F6-843E-57E86715C5F6}.Release|Any CPU.Build.0 = Release|Any CPU
		{A1A79557-53AA-4286-B390-D52AC14C7245}.Debug|Any CPU.ActiveCfg = Debug|Any CPU
		{A1A79557-53AA-4286-B390-D52AC14C7245}.Debug|Any CPU.Build.0 = Debug|Any CPU
		{A1A79557-53AA-4286-B390-D52AC14C7245}.Release|Any CPU.ActiveCfg = Release|Any CPU
		{A1A79557-53AA-4286-B390-D52AC14C7245}.Release|Any CPU.Build.0 = Release|Any CPU
		{7715805B-84C8-45CD-B394-01B5D388D6BC}.Debug|Any CPU.ActiveCfg = Debug|Any CPU
		{7715805B-84C8-45CD-B394-01B5D388D6BC}.Debug|Any CPU.Build.0 = Debug|Any CPU
		{7715805B-84C8-45CD-B394-01B5D388D6BC}.Release|Any CPU.ActiveCfg = Release|Any CPU
		{7715805B-84C8-45CD-B394-01B5D388D6BC}.Release|Any CPU.Build.0 = Release|Any CPU
		{4F78DD6E-A710-4344-BE24-ACEAD581FE8D}.Debug|Any CPU.ActiveCfg = Debug|Any CPU
		{4F78DD6E-A710-4344-BE24-ACEAD581FE8D}.Debug|Any CPU.Build.0 = Debug|Any CPU
		{4F78DD6E-A710-4344-BE24-ACEAD581FE8D}.Release|Any CPU.ActiveCfg = Release|Any CPU
		{4F78DD6E-A710-4344-BE24-ACEAD581FE8D}.Release|Any CPU.Build.0 = Release|Any CPU
		{67119404-AA7B-4672-B5B1-723DA9F7B6AA}.Debug|Any CPU.ActiveCfg = Debug|Any CPU
		{67119404-AA7B-4672-B5B1-723DA9F7B6AA}.Debug|Any CPU.Build.0 = Debug|Any CPU
		{67119404-AA7B-4672-B5B1-723DA9F7B6AA}.Release|Any CPU.ActiveCfg = Release|Any CPU
		{67119404-AA7B-4672-B5B1-723DA9F7B6AA}.Release|Any CPU.Build.0 = Release|Any CPU
		{F9149257-16D5-4441-8131-5525705A60C5}.Debug|Any CPU.ActiveCfg = Debug|Any CPU
		{F9149257-16D5-4441-8131-5525705A60C5}.Debug|Any CPU.Build.0 = Debug|Any CPU
		{F9149257-16D5-4441-8131-5525705A60C5}.Release|Any CPU.ActiveCfg = Release|Any CPU
		{F9149257-16D5-4441-8131-5525705A60C5}.Release|Any CPU.Build.0 = Release|Any CPU
		{6161FFD7-4A6A-4B51-8C0D-DD258E69F0A9}.Debug|Any CPU.ActiveCfg = Debug|Any CPU
		{6161FFD7-4A6A-4B51-8C0D-DD258E69F0A9}.Debug|Any CPU.Build.0 = Debug|Any CPU
		{6161FFD7-4A6A-4B51-8C0D-DD258E69F0A9}.Release|Any CPU.ActiveCfg = Release|Any CPU
		{6161FFD7-4A6A-4B51-8C0D-DD258E69F0A9}.Release|Any CPU.Build.0 = Release|Any CPU
		{421AA96D-72C1-4561-A5B2-D8CF6FCE030F}.Debug|Any CPU.ActiveCfg = Debug|Any CPU
		{421AA96D-72C1-4561-A5B2-D8CF6FCE030F}.Debug|Any CPU.Build.0 = Debug|Any CPU
		{421AA96D-72C1-4561-A5B2-D8CF6FCE030F}.Release|Any CPU.ActiveCfg = Release|Any CPU
		{421AA96D-72C1-4561-A5B2-D8CF6FCE030F}.Release|Any CPU.Build.0 = Release|Any CPU
		{110377EC-E497-49D3-BE88-344A83A86861}.Debug|Any CPU.ActiveCfg = Debug|Any CPU
		{110377EC-E497-49D3-BE88-344A83A86861}.Debug|Any CPU.Build.0 = Debug|Any CPU
		{110377EC-E497-49D3-BE88-344A83A86861}.Release|Any CPU.ActiveCfg = Release|Any CPU
		{110377EC-E497-49D3-BE88-344A83A86861}.Release|Any CPU.Build.0 = Release|Any CPU
	EndGlobalSection
	GlobalSection(SolutionProperties) = preSolution
		HideSolutionNode = FALSE
	EndGlobalSection
	GlobalSection(NestedProjects) = preSolution
		{45BAF6DA-8FF6-482B-AB75-646736C5A290} = {990FBDBB-287D-44E9-9168-4F52F9954155}
		{8138D984-A3F2-4BC2-8087-EB3CCA118FF3} = {990FBDBB-287D-44E9-9168-4F52F9954155}
		{DDA8757D-31FE-4BF3-8EC2-0CEE53287AF4} = {990FBDBB-287D-44E9-9168-4F52F9954155}
		{159BB93D-C913-4AB9-BE85-8F68B620C416} = {990FBDBB-287D-44E9-9168-4F52F9954155}
		{C4726847-5D42-4846-B8D3-316C9F745D57} = {D3CEFA20-726E-4B6B-A407-1D9A8B0B8BF1}
		{AAA03E9E-7AB0-42F7-8D7B-F0CF5F6C045C} = {D3CEFA20-726E-4B6B-A407-1D9A8B0B8BF1}
		{60518E79-4B72-455C-A2F4-055EE26E9CB6} = {FB5DC015-4735-44C5-8ED7-EBE83132E578}
		{2D93CB1E-3AD2-4CB9-B447-0F22CE154295} = {9F659CDD-8D62-49B3-AFC4-C7B0998C315B}
		{6D92B677-6EC7-4D84-808A-5AB32184644C} = {9F659CDD-8D62-49B3-AFC4-C7B0998C315B}
		{F95D8083-06C7-43B2-93E8-2AFE8F583684} = {9F659CDD-8D62-49B3-AFC4-C7B0998C315B}
		{8217AF0B-A413-47BC-ADE6-D976357D394A} = {F42CA955-E8C2-4B71-BCA4-30266455A1EC}
		{A3DBD0A0-44B8-4A23-B133-264334D4BCFC} = {8217AF0B-A413-47BC-ADE6-D976357D394A}
		{9C81908B-4781-424F-888E-70AE3ED517B5} = {8217AF0B-A413-47BC-ADE6-D976357D394A}
		{DD04F1B9-DF82-464D-AC39-826BC49B974B} = {F42CA955-E8C2-4B71-BCA4-30266455A1EC}
		{2ACD6D1A-24BF-4E72-AD14-BF81EA32A768} = {DD04F1B9-DF82-464D-AC39-826BC49B974B}
		{32C9CF9F-0C13-464E-9AE6-273ACAD7CA3C} = {DD04F1B9-DF82-464D-AC39-826BC49B974B}
		{855E37F6-082E-4B5E-8350-F37C49EF704D} = {DD04F1B9-DF82-464D-AC39-826BC49B974B}
		{3A3042C1-0E17-4B13-AF99-A3F466CA72D5} = {DD04F1B9-DF82-464D-AC39-826BC49B974B}
		{AAED5A5D-76A7-4298-AC46-F0E411CE2BB6} = {FB5DC015-4735-44C5-8ED7-EBE83132E578}
		{FB5DC015-4735-44C5-8ED7-EBE83132E578} = {B550742B-840B-4FEE-832D-8DEFBBA8D6E8}
		{D3CEFA20-726E-4B6B-A407-1D9A8B0B8BF1} = {B550742B-840B-4FEE-832D-8DEFBBA8D6E8}
		{9F659CDD-8D62-49B3-AFC4-C7B0998C315B} = {B550742B-840B-4FEE-832D-8DEFBBA8D6E8}
		{3450497C-3CF1-481B-9D64-796CC1A79014} = {DD04F1B9-DF82-464D-AC39-826BC49B974B}
		{0E3D247D-1F90-4834-B818-6F42C1860B09} = {C0D746B1-6924-4E81-AFA4-3593E6D2157F}
		{0581B46B-2FA3-4D47-B40C-6DC103CBD851} = {0E3D247D-1F90-4834-B818-6F42C1860B09}
		{2B8B7E48-8C0F-4494-BBE6-DF24D0B17557} = {990FBDBB-287D-44E9-9168-4F52F9954155}
		{DCE8C134-2F7C-4CF2-8671-51C241D082E4} = {990FBDBB-287D-44E9-9168-4F52F9954155}
		{CEB17E0E-EA68-4053-ACAC-E151DE2C1580} = {990FBDBB-287D-44E9-9168-4F52F9954155}
		{75F71720-F66B-46F6-843E-57E86715C5F6} = {990FBDBB-287D-44E9-9168-4F52F9954155}
		{FD3BFF9F-1B61-4414-9699-66319F5E0DD2} = {C0D746B1-6924-4E81-AFA4-3593E6D2157F}
		{A1A79557-53AA-4286-B390-D52AC14C7245} = {8217AF0B-A413-47BC-ADE6-D976357D394A}
		{7715805B-84C8-45CD-B394-01B5D388D6BC} = {0E3D247D-1F90-4834-B818-6F42C1860B09}
		{4F78DD6E-A710-4344-BE24-ACEAD581FE8D} = {DD04F1B9-DF82-464D-AC39-826BC49B974B}
		{67119404-AA7B-4672-B5B1-723DA9F7B6AA} = {C0D746B1-6924-4E81-AFA4-3593E6D2157F}
		{F9149257-16D5-4441-8131-5525705A60C5} = {0E3D247D-1F90-4834-B818-6F42C1860B09}
		{6161FFD7-4A6A-4B51-8C0D-DD258E69F0A9} = {0581B46B-2FA3-4D47-B40C-6DC103CBD851}
		{421AA96D-72C1-4561-A5B2-D8CF6FCE030F} = {D3CEFA20-726E-4B6B-A407-1D9A8B0B8BF1}
		{110377EC-E497-49D3-BE88-344A83A86861} = {FB5DC015-4735-44C5-8ED7-EBE83132E578}
	EndGlobalSection
	GlobalSection(ExtensibilityGlobals) = postSolution
		SolutionGuid = {5927D8F1-93E8-4DC8-B237-AB98E004B6A4}
	EndGlobalSection
EndGlobal
