
Microsoft Visual Studio Solution File, Format Version 12.00
# Visual Studio Version 17
VisualStudioVersion = 17.0.31912.275
MinimumVisualStudioVersion = 10.0.40219.1
Project("{9A19103F-16F7-4668-BE54-9A1E7A4F7556}") = "STM", "STM\STM.csproj", "{7EC0799A-AE68-4471-A691-13F7F4B06053}"
EndProject
Project("{9A19103F-16F7-4668-BE54-9A1E7A4F7556}") = "STMTests", "STMTests\STMTests.csproj", "{831BCD23-4A2D-4C21-8E92-EC07ED6D2899}"
EndProject
Project("{9A19103F-16F7-4668-BE54-9A1E7A4F7556}") = "StaticGTFS", "StaticGTFS\StaticGTFS.csproj", "{06EC355C-C779-4DCF-8722-25EB89F4574A}"
EndProject
Project("{FAE04EC0-301F-11D3-BF4B-00C04F79EFBC}") = "Entities", "Entities\Entities.csproj", "{A3296EB1-26EC-44B7-90E5-3D17996CBD1B}"
EndProject
Global
	GlobalSection(SolutionConfigurationPlatforms) = preSolution
		Debug|Any CPU = Debug|Any CPU
		Release|Any CPU = Release|Any CPU
	EndGlobalSection
	GlobalSection(ProjectConfigurationPlatforms) = postSolution
		{7EC0799A-AE68-4471-A691-13F7F4B06053}.Debug|Any CPU.ActiveCfg = Debug|Any CPU
		{7EC0799A-AE68-4471-A691-13F7F4B06053}.Debug|Any CPU.Build.0 = Debug|Any CPU
		{7EC0799A-AE68-4471-A691-13F7F4B06053}.Release|Any CPU.ActiveCfg = Release|Any CPU
		{7EC0799A-AE68-4471-A691-13F7F4B06053}.Release|Any CPU.Build.0 = Release|Any CPU
		{831BCD23-4A2D-4C21-8E92-EC07ED6D2899}.Debug|Any CPU.ActiveCfg = Debug|Any CPU
		{831BCD23-4A2D-4C21-8E92-EC07ED6D2899}.Debug|Any CPU.Build.0 = Debug|Any CPU
		{831BCD23-4A2D-4C21-8E92-EC07ED6D2899}.Release|Any CPU.ActiveCfg = Release|Any CPU
		{831BCD23-4A2D-4C21-8E92-EC07ED6D2899}.Release|Any CPU.Build.0 = Release|Any CPU
		{06EC355C-C779-4DCF-8722-25EB89F4574A}.Debug|Any CPU.ActiveCfg = Debug|Any CPU
		{06EC355C-C779-4DCF-8722-25EB89F4574A}.Debug|Any CPU.Build.0 = Debug|Any CPU
		{06EC355C-C779-4DCF-8722-25EB89F4574A}.Release|Any CPU.ActiveCfg = Release|Any CPU
		{06EC355C-C779-4DCF-8722-25EB89F4574A}.Release|Any CPU.Build.0 = Release|Any CPU
		{A3296EB1-26EC-44B7-90E5-3D17996CBD1B}.Debug|Any CPU.ActiveCfg = Debug|Any CPU
		{A3296EB1-26EC-44B7-90E5-3D17996CBD1B}.Debug|Any CPU.Build.0 = Debug|Any CPU
		{A3296EB1-26EC-44B7-90E5-3D17996CBD1B}.Release|Any CPU.ActiveCfg = Release|Any CPU
		{A3296EB1-26EC-44B7-90E5-3D17996CBD1B}.Release|Any CPU.Build.0 = Release|Any CPU
	EndGlobalSection
	GlobalSection(SolutionProperties) = preSolution
		HideSolutionNode = FALSE
	EndGlobalSection
	GlobalSection(ExtensibilityGlobals) = postSolution
		SolutionGuid = {5927D8F1-93E8-4DC8-B237-AB98E004B6A4}
	EndGlobalSection
EndGlobal
