
Microsoft Visual Studio Solution File, Format Version 12.00
# Visual Studio Version 17
VisualStudioVersion = 17.0.31912.275
MinimumVisualStudioVersion = 10.0.40219.1
Project("{9A19103F-16F7-4668-BE54-9A1E7A4F7556}") = "STMTests", "STMTests\STMTests.csproj", "{831BCD23-4A2D-4C21-8E92-EC07ED6D2899}"
EndProject
Project("{9A19103F-16F7-4668-BE54-9A1E7A4F7556}") = "ApplicationLogic", "ApplicationLogic\ApplicationLogic.csproj", "{8A7D5FB3-20C0-46B9-A335-57964893EE55}"
EndProject
Project("{2150E333-8FDC-42A3-9474-1A3956D46DE8}") = "Layer 0 - Domain", "Layer 0 - Domain", "{990FBDBB-287D-44E9-9168-4F52F9954155}"
EndProject
Project("{2150E333-8FDC-42A3-9474-1A3956D46DE8}") = "Layer 1 - Application", "Layer 1 - Application", "{B550742B-840B-4FEE-832D-8DEFBBA8D6E8}"
EndProject
Project("{2150E333-8FDC-42A3-9474-1A3956D46DE8}") = "Layer 2 - Adapters", "Layer 2 - Adapters", "{F42CA955-E8C2-4B71-BCA4-30266455A1EC}"
EndProject
Project("{2150E333-8FDC-42A3-9474-1A3956D46DE8}") = "Layer 3 - Cross-Cutting Concerns", "Layer 3 - Cross-Cutting Concerns", "{C0D746B1-6924-4E81-AFA4-3593E6D2157F}"
EndProject
Project("{9A19103F-16F7-4668-BE54-9A1E7A4F7556}") = "Infrastructure", "Infrastructure\Infrastructure.csproj", "{0C8E2A69-B416-473E-B62C-7C85F1AB74A2}"
EndProject
Project("{9A19103F-16F7-4668-BE54-9A1E7A4F7556}") = "Configuration", "Configuration\Configuration.csproj", "{364D3457-C9BA-4D28-9D87-C3925C954A2A}"
EndProject
Project("{9A19103F-16F7-4668-BE54-9A1E7A4F7556}") = "Entities.Gtfs", "Entities.Gtfs\Entities.Gtfs.csproj", "{1B722369-8DBC-4597-A461-053AECD64242}"
EndProject
Project("{9A19103F-16F7-4668-BE54-9A1E7A4F7556}") = "Entities.Transit", "Entities.Transit\Entities.Transit.csproj", "{787BD5E4-2B24-4E87-BB5A-4C65CF206FBE}"
EndProject
Project("{9A19103F-16F7-4668-BE54-9A1E7A4F7556}") = "Entities.Common", "Entities.Common\Entities.Common.csproj", "{A28482BB-398C-4212-929A-B4EE8576C233}"
EndProject
Project("{9A19103F-16F7-4668-BE54-9A1E7A4F7556}") = "Controllers", "Controllers\Controllers.csproj", "{AC7206EB-13AC-4642-AF00-AED71BE09E3D}"
EndProject
Global
	GlobalSection(SolutionConfigurationPlatforms) = preSolution
		Debug|Any CPU = Debug|Any CPU
		Release|Any CPU = Release|Any CPU
	EndGlobalSection
	GlobalSection(ProjectConfigurationPlatforms) = postSolution
		{831BCD23-4A2D-4C21-8E92-EC07ED6D2899}.Debug|Any CPU.ActiveCfg = Debug|Any CPU
		{831BCD23-4A2D-4C21-8E92-EC07ED6D2899}.Debug|Any CPU.Build.0 = Debug|Any CPU
		{831BCD23-4A2D-4C21-8E92-EC07ED6D2899}.Release|Any CPU.ActiveCfg = Release|Any CPU
		{831BCD23-4A2D-4C21-8E92-EC07ED6D2899}.Release|Any CPU.Build.0 = Release|Any CPU
		{8A7D5FB3-20C0-46B9-A335-57964893EE55}.Debug|Any CPU.ActiveCfg = Debug|Any CPU
		{8A7D5FB3-20C0-46B9-A335-57964893EE55}.Debug|Any CPU.Build.0 = Debug|Any CPU
		{8A7D5FB3-20C0-46B9-A335-57964893EE55}.Release|Any CPU.ActiveCfg = Release|Any CPU
		{8A7D5FB3-20C0-46B9-A335-57964893EE55}.Release|Any CPU.Build.0 = Release|Any CPU
		{0C8E2A69-B416-473E-B62C-7C85F1AB74A2}.Debug|Any CPU.ActiveCfg = Debug|Any CPU
		{0C8E2A69-B416-473E-B62C-7C85F1AB74A2}.Debug|Any CPU.Build.0 = Debug|Any CPU
		{0C8E2A69-B416-473E-B62C-7C85F1AB74A2}.Release|Any CPU.ActiveCfg = Release|Any CPU
		{0C8E2A69-B416-473E-B62C-7C85F1AB74A2}.Release|Any CPU.Build.0 = Release|Any CPU
		{364D3457-C9BA-4D28-9D87-C3925C954A2A}.Debug|Any CPU.ActiveCfg = Debug|Any CPU
		{364D3457-C9BA-4D28-9D87-C3925C954A2A}.Debug|Any CPU.Build.0 = Debug|Any CPU
		{364D3457-C9BA-4D28-9D87-C3925C954A2A}.Release|Any CPU.ActiveCfg = Release|Any CPU
		{364D3457-C9BA-4D28-9D87-C3925C954A2A}.Release|Any CPU.Build.0 = Release|Any CPU
		{1B722369-8DBC-4597-A461-053AECD64242}.Debug|Any CPU.ActiveCfg = Debug|Any CPU
		{1B722369-8DBC-4597-A461-053AECD64242}.Debug|Any CPU.Build.0 = Debug|Any CPU
		{1B722369-8DBC-4597-A461-053AECD64242}.Release|Any CPU.ActiveCfg = Release|Any CPU
		{1B722369-8DBC-4597-A461-053AECD64242}.Release|Any CPU.Build.0 = Release|Any CPU
		{787BD5E4-2B24-4E87-BB5A-4C65CF206FBE}.Debug|Any CPU.ActiveCfg = Debug|Any CPU
		{787BD5E4-2B24-4E87-BB5A-4C65CF206FBE}.Debug|Any CPU.Build.0 = Debug|Any CPU
		{787BD5E4-2B24-4E87-BB5A-4C65CF206FBE}.Release|Any CPU.ActiveCfg = Release|Any CPU
		{787BD5E4-2B24-4E87-BB5A-4C65CF206FBE}.Release|Any CPU.Build.0 = Release|Any CPU
		{A28482BB-398C-4212-929A-B4EE8576C233}.Debug|Any CPU.ActiveCfg = Debug|Any CPU
		{A28482BB-398C-4212-929A-B4EE8576C233}.Debug|Any CPU.Build.0 = Debug|Any CPU
		{A28482BB-398C-4212-929A-B4EE8576C233}.Release|Any CPU.ActiveCfg = Release|Any CPU
		{A28482BB-398C-4212-929A-B4EE8576C233}.Release|Any CPU.Build.0 = Release|Any CPU
		{AC7206EB-13AC-4642-AF00-AED71BE09E3D}.Debug|Any CPU.ActiveCfg = Debug|Any CPU
		{AC7206EB-13AC-4642-AF00-AED71BE09E3D}.Debug|Any CPU.Build.0 = Debug|Any CPU
		{AC7206EB-13AC-4642-AF00-AED71BE09E3D}.Release|Any CPU.ActiveCfg = Release|Any CPU
		{AC7206EB-13AC-4642-AF00-AED71BE09E3D}.Release|Any CPU.Build.0 = Release|Any CPU
	EndGlobalSection
	GlobalSection(SolutionProperties) = preSolution
		HideSolutionNode = FALSE
	EndGlobalSection
	GlobalSection(NestedProjects) = preSolution
		{831BCD23-4A2D-4C21-8E92-EC07ED6D2899} = {C0D746B1-6924-4E81-AFA4-3593E6D2157F}
		{8A7D5FB3-20C0-46B9-A335-57964893EE55} = {B550742B-840B-4FEE-832D-8DEFBBA8D6E8}
		{0C8E2A69-B416-473E-B62C-7C85F1AB74A2} = {F42CA955-E8C2-4B71-BCA4-30266455A1EC}
		{364D3457-C9BA-4D28-9D87-C3925C954A2A} = {C0D746B1-6924-4E81-AFA4-3593E6D2157F}
		{1B722369-8DBC-4597-A461-053AECD64242} = {990FBDBB-287D-44E9-9168-4F52F9954155}
		{787BD5E4-2B24-4E87-BB5A-4C65CF206FBE} = {990FBDBB-287D-44E9-9168-4F52F9954155}
		{A28482BB-398C-4212-929A-B4EE8576C233} = {990FBDBB-287D-44E9-9168-4F52F9954155}
		{AC7206EB-13AC-4642-AF00-AED71BE09E3D} = {F42CA955-E8C2-4B71-BCA4-30266455A1EC}
	EndGlobalSection
	GlobalSection(ExtensibilityGlobals) = postSolution
		SolutionGuid = {5927D8F1-93E8-4DC8-B237-AB98E004B6A4}
	EndGlobalSection
EndGlobal
