
Microsoft Visual Studio Solution File, Format Version 12.00
# Visual Studio Version 17
VisualStudioVersion = 17.5.33414.496
MinimumVisualStudioVersion = 10.0.40219.1
Project("{9A19103F-16F7-4668-BE54-9A1E7A4F7556}") = "ApplicationLogic", "ApplicationLogic\ApplicationLogic.csproj", "{2C8FCF0E-FFC4-425C-AD6D-C917C95A4D8E}"
EndProject
Project("{9A19103F-16F7-4668-BE54-9A1E7A4F7556}") = "Entities", "Entities\Entities.csproj", "{51977229-1B41-45B6-9C34-F68D7CACC0DA}"
EndProject
Project("{9A19103F-16F7-4668-BE54-9A1E7A4F7556}") = "ApplicationLogicTests", "ApplicationLogicTests\ApplicationLogicTests.csproj", "{AFECB76F-A4E7-4405-82A2-A5DF9495717B}"
EndProject
Project("{9A19103F-16F7-4668-BE54-9A1E7A4F7556}") = "NodeController", "NodeController\NodeController.csproj", "{CA23A3EB-B02B-4FD5-ACC3-1B9EC1A23C20}"
EndProject
Project("{FAE04EC0-301F-11D3-BF4B-00C04F79EFBC}") = "Configuration", "Configuration\Configuration.csproj", "{F1566209-53EC-40A6-9312-6EDCBB22E983}"
EndProject
Project("{2150E333-8FDC-42A3-9474-1A3956D46DE8}") = "Layer 0", "Layer 0", "{A06FAD10-161A-4AAB-A944-6B8828121A16}"
EndProject
Project("{2150E333-8FDC-42A3-9474-1A3956D46DE8}") = "Layer 1", "Layer 1", "{DD1CBEF8-1B67-4550-99BB-4A489A7671EC}"
EndProject
Project("{2150E333-8FDC-42A3-9474-1A3956D46DE8}") = "Layer 2", "Layer 2", "{DA3A1DC5-AB00-4284-B3CF-D4C6DC050197}"
EndProject
Project("{2150E333-8FDC-42A3-9474-1A3956D46DE8}") = "Layer 3", "Layer 3", "{BB52BBBF-8D38-498C-856E-128C86F88456}"
EndProject
Project("{FAE04EC0-301F-11D3-BF4B-00C04F79EFBC}") = "Infrastructure", "Infrastructure\Infrastructure.csproj", "{660A4C78-D6D1-4ADD-A767-7D06B3EC5F55}"
EndProject
Global
	GlobalSection(SolutionConfigurationPlatforms) = preSolution
		Debug|Any CPU = Debug|Any CPU
		Release|Any CPU = Release|Any CPU
	EndGlobalSection
	GlobalSection(ProjectConfigurationPlatforms) = postSolution
		{2C8FCF0E-FFC4-425C-AD6D-C917C95A4D8E}.Debug|Any CPU.ActiveCfg = Debug|Any CPU
		{2C8FCF0E-FFC4-425C-AD6D-C917C95A4D8E}.Debug|Any CPU.Build.0 = Debug|Any CPU
		{2C8FCF0E-FFC4-425C-AD6D-C917C95A4D8E}.Release|Any CPU.ActiveCfg = Release|Any CPU
		{2C8FCF0E-FFC4-425C-AD6D-C917C95A4D8E}.Release|Any CPU.Build.0 = Release|Any CPU
		{51977229-1B41-45B6-9C34-F68D7CACC0DA}.Debug|Any CPU.ActiveCfg = Debug|Any CPU
		{51977229-1B41-45B6-9C34-F68D7CACC0DA}.Debug|Any CPU.Build.0 = Debug|Any CPU
		{51977229-1B41-45B6-9C34-F68D7CACC0DA}.Release|Any CPU.ActiveCfg = Release|Any CPU
		{51977229-1B41-45B6-9C34-F68D7CACC0DA}.Release|Any CPU.Build.0 = Release|Any CPU
		{AFECB76F-A4E7-4405-82A2-A5DF9495717B}.Debug|Any CPU.ActiveCfg = Debug|Any CPU
		{AFECB76F-A4E7-4405-82A2-A5DF9495717B}.Debug|Any CPU.Build.0 = Debug|Any CPU
		{AFECB76F-A4E7-4405-82A2-A5DF9495717B}.Release|Any CPU.ActiveCfg = Release|Any CPU
		{AFECB76F-A4E7-4405-82A2-A5DF9495717B}.Release|Any CPU.Build.0 = Release|Any CPU
		{CA23A3EB-B02B-4FD5-ACC3-1B9EC1A23C20}.Debug|Any CPU.ActiveCfg = Debug|Any CPU
		{CA23A3EB-B02B-4FD5-ACC3-1B9EC1A23C20}.Debug|Any CPU.Build.0 = Debug|Any CPU
		{CA23A3EB-B02B-4FD5-ACC3-1B9EC1A23C20}.Release|Any CPU.ActiveCfg = Release|Any CPU
		{CA23A3EB-B02B-4FD5-ACC3-1B9EC1A23C20}.Release|Any CPU.Build.0 = Release|Any CPU
		{F1566209-53EC-40A6-9312-6EDCBB22E983}.Debug|Any CPU.ActiveCfg = Debug|Any CPU
		{F1566209-53EC-40A6-9312-6EDCBB22E983}.Debug|Any CPU.Build.0 = Debug|Any CPU
		{F1566209-53EC-40A6-9312-6EDCBB22E983}.Release|Any CPU.ActiveCfg = Release|Any CPU
		{F1566209-53EC-40A6-9312-6EDCBB22E983}.Release|Any CPU.Build.0 = Release|Any CPU
		{660A4C78-D6D1-4ADD-A767-7D06B3EC5F55}.Debug|Any CPU.ActiveCfg = Debug|Any CPU
		{660A4C78-D6D1-4ADD-A767-7D06B3EC5F55}.Debug|Any CPU.Build.0 = Debug|Any CPU
		{660A4C78-D6D1-4ADD-A767-7D06B3EC5F55}.Release|Any CPU.ActiveCfg = Release|Any CPU
		{660A4C78-D6D1-4ADD-A767-7D06B3EC5F55}.Release|Any CPU.Build.0 = Release|Any CPU
	EndGlobalSection
	GlobalSection(SolutionProperties) = preSolution
		HideSolutionNode = FALSE
	EndGlobalSection
	GlobalSection(NestedProjects) = preSolution
		{2C8FCF0E-FFC4-425C-AD6D-C917C95A4D8E} = {DD1CBEF8-1B67-4550-99BB-4A489A7671EC}
		{51977229-1B41-45B6-9C34-F68D7CACC0DA} = {A06FAD10-161A-4AAB-A944-6B8828121A16}
		{AFECB76F-A4E7-4405-82A2-A5DF9495717B} = {BB52BBBF-8D38-498C-856E-128C86F88456}
		{CA23A3EB-B02B-4FD5-ACC3-1B9EC1A23C20} = {DA3A1DC5-AB00-4284-B3CF-D4C6DC050197}
		{F1566209-53EC-40A6-9312-6EDCBB22E983} = {BB52BBBF-8D38-498C-856E-128C86F88456}
		{660A4C78-D6D1-4ADD-A767-7D06B3EC5F55} = {DA3A1DC5-AB00-4284-B3CF-D4C6DC050197}
	EndGlobalSection
	GlobalSection(ExtensibilityGlobals) = postSolution
		SolutionGuid = {2DD489C2-7CDF-48C1-9C27-51754B2ADFF6}
	EndGlobalSection
EndGlobal
