
Microsoft Visual Studio Solution File, Format Version 12.00
# Visual Studio Version 17
VisualStudioVersion = 17.5.33414.496
MinimumVisualStudioVersion = 10.0.40219.1
Project("{9A19103F-16F7-4668-BE54-9A1E7A4F7556}") = "ApplicationLogic", "ApplicationLogic\ApplicationLogic.csproj", "{2C8FCF0E-FFC4-425C-AD6D-C917C95A4D8E}"
EndProject
Project("{9A19103F-16F7-4668-BE54-9A1E7A4F7556}") = "Entities", "Entities\Entities.csproj", "{51977229-1B41-45B6-9C34-F68D7CACC0DA}"
EndProject
Project("{9A19103F-16F7-4668-BE54-9A1E7A4F7556}") = "ApplicationLogicTests", "ApplicationLogicTests\ApplicationLogicTests.csproj", "{AFECB76F-A4E7-4405-82A2-A5DF9495717B}"
EndProject
Project("{9A19103F-16F7-4668-BE54-9A1E7A4F7556}") = "Ingress", "Ingress\Ingress.csproj", "{FB99A342-E34A-4503-B626-79761B3CC3B4}"
EndProject
Project("{2150E333-8FDC-42A3-9474-1A3956D46DE8}") = "Layer 0", "Layer 0", "{6DAC78A7-AEFF-4234-A0E2-1CBC10AE7414}"
EndProject
Project("{2150E333-8FDC-42A3-9474-1A3956D46DE8}") = "Layer 1", "Layer 1", "{2E55B119-CCBB-4C98-A772-8345866041C5}"
EndProject
Project("{2150E333-8FDC-42A3-9474-1A3956D46DE8}") = "Layer 2", "Layer 2", "{E6DCEF26-1B16-45B4-A16A-E84EC7D59056}"
EndProject
Project("{2150E333-8FDC-42A3-9474-1A3956D46DE8}") = "Layer 3", "Layer 3", "{E5D243C6-D4DB-4123-8975-54C93BE370D0}"
EndProject
Project("{FAE04EC0-301F-11D3-BF4B-00C04F79EFBC}") = "Configuration", "Configuration\Configuration.csproj", "{29D0DA97-68AE-4E27-9DA0-6A4299351D7C}"
EndProject
Project("{FAE04EC0-301F-11D3-BF4B-00C04F79EFBC}") = "Infrastructure", "Infrastructure\Infrastructure.csproj", "{99137942-A3E0-40DF-B3BC-DD4C529CD63B}"
EndProject
Global
	GlobalSection(SolutionConfigurationPlatforms) = preSolution
		Debug|Any CPU = Debug|Any CPU
		Release|Any CPU = Release|Any CPU
	EndGlobalSection
	GlobalSection(ProjectConfigurationPlatforms) = postSolution
		{2C8FCF0E-FFC4-425C-AD6D-C917C95A4D8E}.Debug|Any CPU.ActiveCfg = Debug|Any CPU
		{2C8FCF0E-FFC4-425C-AD6D-C917C95A4D8E}.Debug|Any CPU.Build.0 = Debug|Any CPU
		{2C8FCF0E-FFC4-425C-AD6D-C917C95A4D8E}.Release|Any CPU.ActiveCfg = Release|Any CPU
		{2C8FCF0E-FFC4-425C-AD6D-C917C95A4D8E}.Release|Any CPU.Build.0 = Release|Any CPU
		{51977229-1B41-45B6-9C34-F68D7CACC0DA}.Debug|Any CPU.ActiveCfg = Debug|Any CPU
		{51977229-1B41-45B6-9C34-F68D7CACC0DA}.Debug|Any CPU.Build.0 = Debug|Any CPU
		{51977229-1B41-45B6-9C34-F68D7CACC0DA}.Release|Any CPU.ActiveCfg = Release|Any CPU
		{51977229-1B41-45B6-9C34-F68D7CACC0DA}.Release|Any CPU.Build.0 = Release|Any CPU
		{AFECB76F-A4E7-4405-82A2-A5DF9495717B}.Debug|Any CPU.ActiveCfg = Debug|Any CPU
		{AFECB76F-A4E7-4405-82A2-A5DF9495717B}.Debug|Any CPU.Build.0 = Debug|Any CPU
		{AFECB76F-A4E7-4405-82A2-A5DF9495717B}.Release|Any CPU.ActiveCfg = Release|Any CPU
		{AFECB76F-A4E7-4405-82A2-A5DF9495717B}.Release|Any CPU.Build.0 = Release|Any CPU
		{FB99A342-E34A-4503-B626-79761B3CC3B4}.Debug|Any CPU.ActiveCfg = Debug|Any CPU
		{FB99A342-E34A-4503-B626-79761B3CC3B4}.Debug|Any CPU.Build.0 = Debug|Any CPU
		{FB99A342-E34A-4503-B626-79761B3CC3B4}.Release|Any CPU.ActiveCfg = Release|Any CPU
		{FB99A342-E34A-4503-B626-79761B3CC3B4}.Release|Any CPU.Build.0 = Release|Any CPU
		{29D0DA97-68AE-4E27-9DA0-6A4299351D7C}.Debug|Any CPU.ActiveCfg = Debug|Any CPU
		{29D0DA97-68AE-4E27-9DA0-6A4299351D7C}.Debug|Any CPU.Build.0 = Debug|Any CPU
		{29D0DA97-68AE-4E27-9DA0-6A4299351D7C}.Release|Any CPU.ActiveCfg = Release|Any CPU
		{29D0DA97-68AE-4E27-9DA0-6A4299351D7C}.Release|Any CPU.Build.0 = Release|Any CPU
		{99137942-A3E0-40DF-B3BC-DD4C529CD63B}.Debug|Any CPU.ActiveCfg = Debug|Any CPU
		{99137942-A3E0-40DF-B3BC-DD4C529CD63B}.Debug|Any CPU.Build.0 = Debug|Any CPU
		{99137942-A3E0-40DF-B3BC-DD4C529CD63B}.Release|Any CPU.ActiveCfg = Release|Any CPU
		{99137942-A3E0-40DF-B3BC-DD4C529CD63B}.Release|Any CPU.Build.0 = Release|Any CPU
	EndGlobalSection
	GlobalSection(SolutionProperties) = preSolution
		HideSolutionNode = FALSE
	EndGlobalSection
	GlobalSection(NestedProjects) = preSolution
		{2C8FCF0E-FFC4-425C-AD6D-C917C95A4D8E} = {2E55B119-CCBB-4C98-A772-8345866041C5}
		{51977229-1B41-45B6-9C34-F68D7CACC0DA} = {6DAC78A7-AEFF-4234-A0E2-1CBC10AE7414}
		{AFECB76F-A4E7-4405-82A2-A5DF9495717B} = {E5D243C6-D4DB-4123-8975-54C93BE370D0}
		{FB99A342-E34A-4503-B626-79761B3CC3B4} = {E6DCEF26-1B16-45B4-A16A-E84EC7D59056}
		{29D0DA97-68AE-4E27-9DA0-6A4299351D7C} = {E5D243C6-D4DB-4123-8975-54C93BE370D0}
		{99137942-A3E0-40DF-B3BC-DD4C529CD63B} = {E6DCEF26-1B16-45B4-A16A-E84EC7D59056}
	EndGlobalSection
	GlobalSection(ExtensibilityGlobals) = postSolution
		SolutionGuid = {2DD489C2-7CDF-48C1-9C27-51754B2ADFF6}
	EndGlobalSection
EndGlobal
